// !$*UTF8*$!
{
	archiveVersion = 1;
	classes = {
	};
	objectVersion = 50;
	objects = {

/* Begin PBXBuildFile section */
		D13BABDC2432ADAF00D38A36 /* AppDelegate.swift in Sources */ = {isa = PBXBuildFile; fileRef = D13BABDB2432ADAF00D38A36 /* AppDelegate.swift */; };
		D13BABDE2432ADAF00D38A36 /* SceneDelegate.swift in Sources */ = {isa = PBXBuildFile; fileRef = D13BABDD2432ADAF00D38A36 /* SceneDelegate.swift */; };
		D13BABE02432ADAF00D38A36 /* ViewController.swift in Sources */ = {isa = PBXBuildFile; fileRef = D13BABDF2432ADAF00D38A36 /* ViewController.swift */; };
		D13BABE32432ADAF00D38A36 /* Main.storyboard in Resources */ = {isa = PBXBuildFile; fileRef = D13BABE12432ADAF00D38A36 /* Main.storyboard */; };
		D13BABE52432ADB400D38A36 /* Assets.xcassets in Resources */ = {isa = PBXBuildFile; fileRef = D13BABE42432ADB400D38A36 /* Assets.xcassets */; };
		D13BABE82432ADB400D38A36 /* LaunchScreen.storyboard in Resources */ = {isa = PBXBuildFile; fileRef = D13BABE62432ADB400D38A36 /* LaunchScreen.storyboard */; };
		D13BABF02432ADF100D38A36 /* Question1.swift in Sources */ = {isa = PBXBuildFile; fileRef = D13BABEF2432ADF100D38A36 /* Question1.swift */; };
		D13BABF82432C4D800D38A36 /* StreamModel.swift in Sources */ = {isa = PBXBuildFile; fileRef = D13BABF72432C4D800D38A36 /* StreamModel.swift */; };
		D13BAC002432C69C00D38A36 /* DataExtractor.swift in Sources */ = {isa = PBXBuildFile; fileRef = D13BABFF2432C69C00D38A36 /* DataExtractor.swift */; };
		D13BAC022432C6B100D38A36 /* NetworkFetcher.swift in Sources */ = {isa = PBXBuildFile; fileRef = D13BAC012432C6B100D38A36 /* NetworkFetcher.swift */; };
		D13BAC042432C6F000D38A36 /* Fetcher.swift in Sources */ = {isa = PBXBuildFile; fileRef = D13BAC032432C6F000D38A36 /* Fetcher.swift */; };
		D18D81E72432DB240063429D /* DateFormatter.swift in Sources */ = {isa = PBXBuildFile; fileRef = D18D81E62432DB240063429D /* DateFormatter.swift */; };
		D18D81E92432EF710063429D /* Readme.txt in Resources */ = {isa = PBXBuildFile; fileRef = D18D81E82432EF710063429D /* Readme.txt */; };
/* End PBXBuildFile section */

/* Begin PBXFileReference section */
		D13BABD82432ADAF00D38A36 /* BellMedia.app */ = {isa = PBXFileReference; explicitFileType = wrapper.application; includeInIndex = 0; path = BellMedia.app; sourceTree = BUILT_PRODUCTS_DIR; };
		D13BABDB2432ADAF00D38A36 /* AppDelegate.swift */ = {isa = PBXFileReference; lastKnownFileType = sourcecode.swift; path = AppDelegate.swift; sourceTree = "<group>"; };
		D13BABDD2432ADAF00D38A36 /* SceneDelegate.swift */ = {isa = PBXFileReference; lastKnownFileType = sourcecode.swift; path = SceneDelegate.swift; sourceTree = "<group>"; };
		D13BABDF2432ADAF00D38A36 /* ViewController.swift */ = {isa = PBXFileReference; lastKnownFileType = sourcecode.swift; path = ViewController.swift; sourceTree = "<group>"; };
		D13BABE22432ADAF00D38A36 /* Base */ = {isa = PBXFileReference; lastKnownFileType = file.storyboard; name = Base; path = Base.lproj/Main.storyboard; sourceTree = "<group>"; };
		D13BABE42432ADB400D38A36 /* Assets.xcassets */ = {isa = PBXFileReference; lastKnownFileType = folder.assetcatalog; path = Assets.xcassets; sourceTree = "<group>"; };
		D13BABE72432ADB400D38A36 /* Base */ = {isa = PBXFileReference; lastKnownFileType = file.storyboard; name = Base; path = Base.lproj/LaunchScreen.storyboard; sourceTree = "<group>"; };
		D13BABE92432ADB400D38A36 /* Info.plist */ = {isa = PBXFileReference; lastKnownFileType = text.plist.xml; path = Info.plist; sourceTree = "<group>"; };
		D13BABEF2432ADF100D38A36 /* Question1.swift */ = {isa = PBXFileReference; lastKnownFileType = sourcecode.swift; path = Question1.swift; sourceTree = "<group>"; };
		D13BABF72432C4D800D38A36 /* StreamModel.swift */ = {isa = PBXFileReference; lastKnownFileType = sourcecode.swift; path = StreamModel.swift; sourceTree = "<group>"; };
		D13BABFF2432C69C00D38A36 /* DataExtractor.swift */ = {isa = PBXFileReference; fileEncoding = 4; lastKnownFileType = sourcecode.swift; path = DataExtractor.swift; sourceTree = "<group>"; };
		D13BAC012432C6B100D38A36 /* NetworkFetcher.swift */ = {isa = PBXFileReference; fileEncoding = 4; lastKnownFileType = sourcecode.swift; path = NetworkFetcher.swift; sourceTree = "<group>"; };
		D13BAC032432C6F000D38A36 /* Fetcher.swift */ = {isa = PBXFileReference; lastKnownFileType = sourcecode.swift; path = Fetcher.swift; sourceTree = "<group>"; };
		D18D81E62432DB240063429D /* DateFormatter.swift */ = {isa = PBXFileReference; fileEncoding = 4; lastKnownFileType = sourcecode.swift; path = DateFormatter.swift; sourceTree = "<group>"; };
		D18D81E82432EF710063429D /* Readme.txt */ = {isa = PBXFileReference; fileEncoding = 4; lastKnownFileType = text; path = Readme.txt; sourceTree = "<group>"; };
/* End PBXFileReference section */

/* Begin PBXFrameworksBuildPhase section */
		D13BABD52432ADAF00D38A36 /* Frameworks */ = {
			isa = PBXFrameworksBuildPhase;
			buildActionMask = 2147483647;
			files = (
			);
			runOnlyForDeploymentPostprocessing = 0;
		};
/* End PBXFrameworksBuildPhase section */

/* Begin PBXGroup section */
		D13BABCF2432ADAF00D38A36 = {
			isa = PBXGroup;
			children = (
				D13BABDA2432ADAF00D38A36 /* BellMedia */,
				D13BABD92432ADAF00D38A36 /* Products */,
			);
			sourceTree = "<group>";
		};
		D13BABD92432ADAF00D38A36 /* Products */ = {
			isa = PBXGroup;
			children = (
				D13BABD82432ADAF00D38A36 /* BellMedia.app */,
			);
			name = Products;
			sourceTree = "<group>";
		};
		D13BABDA2432ADAF00D38A36 /* BellMedia */ = {
			isa = PBXGroup;
			children = (
				D18D81E82432EF710063429D /* Readme.txt */,
				D13BABF92432C4E900D38A36 /* Model */,
				D13BABDB2432ADAF00D38A36 /* AppDelegate.swift */,
				D13BABDD2432ADAF00D38A36 /* SceneDelegate.swift */,
				D13BABFA2432C4F400D38A36 /* Service */,
				D13BABFB2432C51C00D38A36 /* Controller */,
				D13BABFC2432C53700D38A36 /* Helpers */,
				D13BABE12432ADAF00D38A36 /* Main.storyboard */,
				D13BABE42432ADB400D38A36 /* Assets.xcassets */,
				D13BABE62432ADB400D38A36 /* LaunchScreen.storyboard */,
				D13BABE92432ADB400D38A36 /* Info.plist */,
			);
			path = BellMedia;
			sourceTree = "<group>";
		};
		D13BABF92432C4E900D38A36 /* Model */ = {
			isa = PBXGroup;
			children = (
				D13BABF72432C4D800D38A36 /* StreamModel.swift */,
			);
			path = Model;
			sourceTree = "<group>";
		};
		D13BABFA2432C4F400D38A36 /* Service */ = {
			isa = PBXGroup;
			children = (
				D13BAC012432C6B100D38A36 /* NetworkFetcher.swift */,
				D13BABFF2432C69C00D38A36 /* DataExtractor.swift */,
				D13BAC032432C6F000D38A36 /* Fetcher.swift */,
			);
			path = Service;
			sourceTree = "<group>";
		};
		D13BABFB2432C51C00D38A36 /* Controller */ = {
			isa = PBXGroup;
			children = (
				D13BABDF2432ADAF00D38A36 /* ViewController.swift */,
			);
			path = Controller;
			sourceTree = "<group>";
		};
		D13BABFC2432C53700D38A36 /* Helpers */ = {
			isa = PBXGroup;
			children = (
				D18D81E62432DB240063429D /* DateFormatter.swift */,
				D13BABEF2432ADF100D38A36 /* Question1.swift */,
			);
			path = Helpers;
			sourceTree = "<group>";
		};
/* End PBXGroup section */

/* Begin PBXNativeTarget section */
		D13BABD72432ADAF00D38A36 /* BellMedia */ = {
			isa = PBXNativeTarget;
			buildConfigurationList = D13BABEC2432ADB400D38A36 /* Build configuration list for PBXNativeTarget "BellMedia" */;
			buildPhases = (
				D13BABD42432ADAF00D38A36 /* Sources */,
				D13BABD52432ADAF00D38A36 /* Frameworks */,
				D13BABD62432ADAF00D38A36 /* Resources */,
			);
			buildRules = (
			);
			dependencies = (
			);
			name = BellMedia;
			productName = BellMedia;
			productReference = D13BABD82432ADAF00D38A36 /* BellMedia.app */;
			productType = "com.apple.product-type.application";
		};
/* End PBXNativeTarget section */

/* Begin PBXProject section */
		D13BABD02432ADAF00D38A36 /* Project object */ = {
			isa = PBXProject;
			attributes = {
				LastSwiftUpdateCheck = 1120;
				LastUpgradeCheck = 1120;
				ORGANIZATIONNAME = "Konstantin Klyatskin";
				TargetAttributes = {
					D13BABD72432ADAF00D38A36 = {
						CreatedOnToolsVersion = 11.2.1;
					};
				};
			};
			buildConfigurationList = D13BABD32432ADAF00D38A36 /* Build configuration list for PBXProject "BellMedia" */;
			compatibilityVersion = "Xcode 9.3";
			developmentRegion = en;
			hasScannedForEncodings = 0;
			knownRegions = (
				en,
				Base,
			);
			mainGroup = D13BABCF2432ADAF00D38A36;
			productRefGroup = D13BABD92432ADAF00D38A36 /* Products */;
			projectDirPath = "";
			projectRoot = "";
			targets = (
				D13BABD72432ADAF00D38A36 /* BellMedia */,
			);
		};
/* End PBXProject section */

/* Begin PBXResourcesBuildPhase section */
		D13BABD62432ADAF00D38A36 /* Resources */ = {
			isa = PBXResourcesBuildPhase;
			buildActionMask = 2147483647;
			files = (
				D13BABE82432ADB400D38A36 /* LaunchScreen.storyboard in Resources */,
				D13BABE52432ADB400D38A36 /* Assets.xcassets in Resources */,
				D18D81E92432EF710063429D /* Readme.txt in Resources */,
				D13BABE32432ADAF00D38A36 /* Main.storyboard in Resources */,
			);
			runOnlyForDeploymentPostprocessing = 0;
		};
/* End PBXResourcesBuildPhase section */

/* Begin PBXSourcesBuildPhase section */
		D13BABD42432ADAF00D38A36 /* Sources */ = {
			isa = PBXSourcesBuildPhase;
			buildActionMask = 2147483647;
			files = (
				D18D81E72432DB240063429D /* DateFormatter.swift in Sources */,
				D13BABE02432ADAF00D38A36 /* ViewController.swift in Sources */,
				D13BAC042432C6F000D38A36 /* Fetcher.swift in Sources */,
				D13BAC022432C6B100D38A36 /* NetworkFetcher.swift in Sources */,
				D13BABDC2432ADAF00D38A36 /* AppDelegate.swift in Sources */,
				D13BABDE2432ADAF00D38A36 /* SceneDelegate.swift in Sources */,
				D13BAC002432C69C00D38A36 /* DataExtractor.swift in Sources */,
				D13BABF02432ADF100D38A36 /* Question1.swift in Sources */,
				D13BABF82432C4D800D38A36 /* StreamModel.swift in Sources */,
			);
			runOnlyForDeploymentPostprocessing = 0;
		};
/* End PBXSourcesBuildPhase section */

/* Begin PBXVariantGroup section */
		D13BABE12432ADAF00D38A36 /* Main.storyboard */ = {
			isa = PBXVariantGroup;
			children = (
				D13BABE22432ADAF00D38A36 /* Base */,
			);
			name = Main.storyboard;
			sourceTree = "<group>";
		};
		D13BABE62432ADB400D38A36 /* LaunchScreen.storyboard */ = {
			isa = PBXVariantGroup;
			children = (
				D13BABE72432ADB400D38A36 /* Base */,
			);
			name = LaunchScreen.storyboard;
			sourceTree = "<group>";
		};
/* End PBXVariantGroup section */

/* Begin XCBuildConfiguration section */
		D13BABEA2432ADB400D38A36 /* Debug */ = {
			isa = XCBuildConfiguration;
			buildSettings = {
				ALWAYS_SEARCH_USER_PATHS = NO;
				CLANG_ANALYZER_NONNULL = YES;
				CLANG_ANALYZER_NUMBER_OBJECT_CONVERSION = YES_AGGRESSIVE;
				CLANG_CXX_LANGUAGE_STANDARD = "gnu++14";
				CLANG_CXX_LIBRARY = "libc++";
				CLANG_ENABLE_MODULES = YES;
				CLANG_ENABLE_OBJC_ARC = YES;
				CLANG_ENABLE_OBJC_WEAK = YES;
				CLANG_WARN_BLOCK_CAPTURE_AUTORELEASING = YES;
				CLANG_WARN_BOOL_CONVERSION = YES;
				CLANG_WARN_COMMA = YES;
				CLANG_WARN_CONSTANT_CONVERSION = YES;
				CLANG_WARN_DEPRECATED_OBJC_IMPLEMENTATIONS = YES;
				CLANG_WARN_DIRECT_OBJC_ISA_USAGE = YES_ERROR;
				CLANG_WARN_DOCUMENTATION_COMMENTS = YES;
				CLANG_WARN_EMPTY_BODY = YES;
				CLANG_WARN_ENUM_CONVERSION = YES;
				CLANG_WARN_INFINITE_RECURSION = YES;
				CLANG_WARN_INT_CONVERSION = YES;
				CLANG_WARN_NON_LITERAL_NULL_CONVERSION = YES;
				CLANG_WARN_OBJC_IMPLICIT_RETAIN_SELF = YES;
				CLANG_WARN_OBJC_LITERAL_CONVERSION = YES;
				CLANG_WARN_OBJC_ROOT_CLASS = YES_ERROR;
				CLANG_WARN_RANGE_LOOP_ANALYSIS = YES;
				CLANG_WARN_STRICT_PROTOTYPES = YES;
				CLANG_WARN_SUSPICIOUS_MOVE = YES;
				CLANG_WARN_UNGUARDED_AVAILABILITY = YES_AGGRESSIVE;
				CLANG_WARN_UNREACHABLE_CODE = YES;
				CLANG_WARN__DUPLICATE_METHOD_MATCH = YES;
				COPY_PHASE_STRIP = NO;
				DEBUG_INFORMATION_FORMAT = dwarf;
				ENABLE_STRICT_OBJC_MSGSEND = YES;
				ENABLE_TESTABILITY = YES;
				GCC_C_LANGUAGE_STANDARD = gnu11;
				GCC_DYNAMIC_NO_PIC = NO;
				GCC_NO_COMMON_BLOCKS = YES;
				GCC_OPTIMIZATION_LEVEL = 0;
				GCC_PREPROCESSOR_DEFINITIONS = (
					"DEBUG=1",
					"$(inherited)",
				);
				GCC_WARN_64_TO_32_BIT_CONVERSION = YES;
				GCC_WARN_ABOUT_RETURN_TYPE = YES_ERROR;
				GCC_WARN_UNDECLARED_SELECTOR = YES;
				GCC_WARN_UNINITIALIZED_AUTOS = YES_AGGRESSIVE;
				GCC_WARN_UNUSED_FUNCTION = YES;
				GCC_WARN_UNUSED_VARIABLE = YES;
				IPHONEOS_DEPLOYMENT_TARGET = 13.2;
				MTL_ENABLE_DEBUG_INFO = INCLUDE_SOURCE;
				MTL_FAST_MATH = YES;
				ONLY_ACTIVE_ARCH = YES;
				SDKROOT = iphoneos;
				SWIFT_ACTIVE_COMPILATION_CONDITIONS = DEBUG;
				SWIFT_OPTIMIZATION_LEVEL = "-Onone";
			};
			name = Debug;
		};
		D13BABEB2432ADB400D38A36 /* Release */ = {
			isa = XCBuildConfiguration;
			buildSettings = {
				ALWAYS_SEARCH_USER_PATHS = NO;
				CLANG_ANALYZER_NONNULL = YES;
				CLANG_ANALYZER_NUMBER_OBJECT_CONVERSION = YES_AGGRESSIVE;
				CLANG_CXX_LANGUAGE_STANDARD = "gnu++14";
				CLANG_CXX_LIBRARY = "libc++";
				CLANG_ENABLE_MODULES = YES;
				CLANG_ENABLE_OBJC_ARC = YES;
				CLANG_ENABLE_OBJC_WEAK = YES;
				CLANG_WARN_BLOCK_CAPTURE_AUTORELEASING = YES;
				CLANG_WARN_BOOL_CONVERSION = YES;
				CLANG_WARN_COMMA = YES;
				CLANG_WARN_CONSTANT_CONVERSION = YES;
				CLANG_WARN_DEPRECATED_OBJC_IMPLEMENTATIONS = YES;
				CLANG_WARN_DIRECT_OBJC_ISA_USAGE = YES_ERROR;
				CLANG_WARN_DOCUMENTATION_COMMENTS = YES;
				CLANG_WARN_EMPTY_BODY = YES;
				CLANG_WARN_ENUM_CONVERSION = YES;
				CLANG_WARN_INFINITE_RECURSION = YES;
				CLANG_WARN_INT_CONVERSION = YES;
				CLANG_WARN_NON_LITERAL_NULL_CONVERSION = YES;
				CLANG_WARN_OBJC_IMPLICIT_RETAIN_SELF = YES;
				CLANG_WARN_OBJC_LITERAL_CONVERSION = YES;
				CLANG_WARN_OBJC_ROOT_CLASS = YES_ERROR;
				CLANG_WARN_RANGE_LOOP_ANALYSIS = YES;
				CLANG_WARN_STRICT_PROTOTYPES = YES;
				CLANG_WARN_SUSPICIOUS_MOVE = YES;
				CLANG_WARN_UNGUARDED_AVAILABILITY = YES_AGGRESSIVE;
				CLANG_WARN_UNREACHABLE_CODE = YES;
				CLANG_WARN__DUPLICATE_METHOD_MATCH = YES;
				COPY_PHASE_STRIP = NO;
				DEBUG_INFORMATION_FORMAT = "dwarf-with-dsym";
				ENABLE_NS_ASSERTIONS = NO;
				ENABLE_STRICT_OBJC_MSGSEND = YES;
				GCC_C_LANGUAGE_STANDARD = gnu11;
				GCC_NO_COMMON_BLOCKS = YES;
				GCC_WARN_64_TO_32_BIT_CONVERSION = YES;
				GCC_WARN_ABOUT_RETURN_TYPE = YES_ERROR;
				GCC_WARN_UNDECLARED_SELECTOR = YES;
				GCC_WARN_UNINITIALIZED_AUTOS = YES_AGGRESSIVE;
				GCC_WARN_UNUSED_FUNCTION = YES;
				GCC_WARN_UNUSED_VARIABLE = YES;
				IPHONEOS_DEPLOYMENT_TARGET = 13.2;
				MTL_ENABLE_DEBUG_INFO = NO;
				MTL_FAST_MATH = YES;
				SDKROOT = iphoneos;
				SWIFT_COMPILATION_MODE = wholemodule;
				SWIFT_OPTIMIZATION_LEVEL = "-O";
				VALIDATE_PRODUCT = YES;
			};
			name = Release;
		};
		D13BABED2432ADB400D38A36 /* Debug */ = {
			isa = XCBuildConfiguration;
			buildSettings = {
				ASSETCATALOG_COMPILER_APPICON_NAME = AppIcon;
				CODE_SIGN_STYLE = Automatic;
				DEVELOPMENT_TEAM = Y9ZFK399Y3;
				INFOPLIST_FILE = BellMedia/Info.plist;
				LD_RUNPATH_SEARCH_PATHS = (
					"$(inherited)",
					"@executable_path/Frameworks",
				);
				PRODUCT_BUNDLE_IDENTIFIER = com.planetdrives.BellMedia;
				PRODUCT_NAME = "$(TARGET_NAME)";
				SWIFT_VERSION = 5.0;
				TARGETED_DEVICE_FAMILY = "1,2";
			};
			name = Debug;
		};
		D13BABEE2432ADB400D38A36 /* Release */ = {
			isa = XCBuildConfiguration;
			buildSettings = {
				ASSETCATALOG_COMPILER_APPICON_NAME = AppIcon;
				CODE_SIGN_STYLE = Automatic;
				DEVELOPMENT_TEAM = Y9ZFK399Y3;
				INFOPLIST_FILE = BellMedia/Info.plist;
				LD_RUNPATH_SEARCH_PATHS = (
					"$(inherited)",
					"@executable_path/Frameworks",
				);
				PRODUCT_BUNDLE_IDENTIFIER = com.planetdrives.BellMedia;
				PRODUCT_NAME = "$(TARGET_NAME)";
				SWIFT_VERSION = 5.0;
				TARGETED_DEVICE_FAMILY = "1,2";
			};
			name = Release;
		};
/* End XCBuildConfiguration section */

/* Begin XCConfigurationList section */
		D13BABD32432ADAF00D38A36 /* Build configuration list for PBXProject "BellMedia" */ = {
			isa = XCConfigurationList;
			buildConfigurations = (
				D13BABEA2432ADB400D38A36 /* Debug */,
				D13BABEB2432ADB400D38A36 /* Release */,
			);
			defaultConfigurationIsVisible = 0;
			defaultConfigurationName = Release;
		};
		D13BABEC2432ADB400D38A36 /* Build configuration list for PBXNativeTarget "BellMedia" */ = {
			isa = XCConfigurationList;
			buildConfigurations = (
				D13BABED2432ADB400D38A36 /* Debug */,
				D13BABEE2432ADB400D38A36 /* Release */,
			);
			defaultConfigurationIsVisible = 0;
			defaultConfigurationName = Release;
		};
/* End XCConfigurationList section */
	};
	rootObject = D13BABD02432ADAF00D38A36 /* Project object */;
}
